<?xml version="1.0" encoding="UTF-8"?>
<!DOCTYPE plist PUBLIC "-//Apple//DTD PLIST 1.0//EN" "http://www.apple.com/DTDs/PropertyList-1.0.dtd">
<plist version="1.0">
<dict>
	<key>archiveVersion</key>
	<string>1</string>
	<key>classes</key>
	<dict/>
	<key>objectVersion</key>
	<string>46</string>
	<key>objects</key>
	<dict>
		<key>0ED9032A329C43B0A4A30E68</key>
		<dict>
			<key>buildActionMask</key>
			<string>2147483647</string>
			<key>files</key>
			<array/>
			<key>inputPaths</key>
			<array/>
			<key>isa</key>
			<string>PBXShellScriptBuildPhase</string>
			<key>name</key>
			<string>Copy Pods Resources</string>
			<key>outputPaths</key>
			<array/>
			<key>runOnlyForDeploymentPostprocessing</key>
			<string>0</string>
			<key>shellPath</key>
			<string>/bin/sh</string>
			<key>shellScript</key>
			<string>"${SRCROOT}/Pods/Pods-resources.sh"
</string>
			<key>showEnvVarsInLog</key>
			<string>0</string>
		</dict>
		<key>180AC5050BC14D0C91CC0677</key>
		<dict>
			<key>buildActionMask</key>
			<string>2147483647</string>
			<key>files</key>
			<array/>
			<key>inputPaths</key>
			<array/>
			<key>isa</key>
			<string>PBXShellScriptBuildPhase</string>
			<key>name</key>
			<string>Check Pods Manifest.lock</string>
			<key>outputPaths</key>
			<array/>
			<key>runOnlyForDeploymentPostprocessing</key>
			<string>0</string>
			<key>shellPath</key>
			<string>/bin/sh</string>
			<key>shellScript</key>
			<string>diff "${PODS_ROOT}/../Podfile.lock" "${PODS_ROOT}/Manifest.lock" &gt; /dev/null
if [[ $? != 0 ]] ; then
    cat &lt;&lt; EOM
error: The sandbox is not in sync with the Podfile.lock. Run 'pod install' or update your CocoaPods installation.
EOM
    exit 1
fi
</string>
			<key>showEnvVarsInLog</key>
			<string>0</string>
		</dict>
		<key>2AA3823E18FA7AB500523EC7</key>
		<dict>
			<key>children</key>
			<array>
				<string>2AA3825018FA7AB500523EC7</string>
				<string>2AA3827218FA7AB500523EC7</string>
				<string>2AA3824918FA7AB500523EC7</string>
				<string>2AA3824818FA7AB500523EC7</string>
				<string>C7313C11C3984732B2B59B37</string>
			</array>
			<key>isa</key>
			<string>PBXGroup</string>
			<key>sourceTree</key>
			<string>&lt;group&gt;</string>
		</dict>
		<key>2AA3823F18FA7AB500523EC7</key>
		<dict>
			<key>attributes</key>
			<dict>
				<key>LastUpgradeCheck</key>
				<string>0500</string>
				<key>ORGANIZATIONNAME</key>
				<string>ddrccw</string>
				<key>TargetAttributes</key>
				<dict>
					<key>2AA3826A18FA7AB500523EC7</key>
					<dict>
						<key>TestTargetID</key>
						<string>2AA3824618FA7AB500523EC7</string>
					</dict>
				</dict>
			</dict>
			<key>buildConfigurationList</key>
			<string>2AA3824218FA7AB500523EC7</string>
			<key>compatibilityVersion</key>
			<string>Xcode 3.2</string>
			<key>developmentRegion</key>
			<string>English</string>
			<key>hasScannedForEncodings</key>
			<string>0</string>
			<key>isa</key>
			<string>PBXProject</string>
			<key>knownRegions</key>
			<array>
				<string>en</string>
				<string>Base</string>
			</array>
			<key>mainGroup</key>
			<string>2AA3823E18FA7AB500523EC7</string>
			<key>productRefGroup</key>
			<string>2AA3824818FA7AB500523EC7</string>
			<key>projectDirPath</key>
			<string></string>
			<key>projectReferences</key>
			<array/>
			<key>projectRoot</key>
			<string></string>
			<key>targets</key>
			<array>
				<string>2AA3824618FA7AB500523EC7</string>
				<string>2AA3826A18FA7AB500523EC7</string>
			</array>
		</dict>
		<key>2AA3824218FA7AB500523EC7</key>
		<dict>
			<key>buildConfigurations</key>
			<array>
				<string>2AA3827A18FA7AB500523EC7</string>
				<string>2AA3827B18FA7AB500523EC7</string>
			</array>
			<key>defaultConfigurationIsVisible</key>
			<string>0</string>
			<key>defaultConfigurationName</key>
			<string>Release</string>
			<key>isa</key>
			<string>XCConfigurationList</string>
		</dict>
		<key>2AA3824318FA7AB500523EC7</key>
		<dict>
			<key>buildActionMask</key>
			<string>2147483647</string>
			<key>files</key>
			<array>
				<string>2AA3826418FA7AB500523EC7</string>
				<string>2AA3825B18FA7AB500523EC7</string>
				<string>2AA3825718FA7AB500523EC7</string>
			</array>
			<key>isa</key>
			<string>PBXSourcesBuildPhase</string>
			<key>runOnlyForDeploymentPostprocessing</key>
			<string>0</string>
		</dict>
		<key>2AA3824418FA7AB500523EC7</key>
		<dict>
			<key>buildActionMask</key>
			<string>2147483647</string>
			<key>files</key>
			<array>
				<string>2AA3824D18FA7AB500523EC7</string>
				<string>2AA3824F18FA7AB500523EC7</string>
				<string>2AA3824B18FA7AB500523EC7</string>
				<string>93FD1C921E9E489FA639A27F</string>
			</array>
			<key>isa</key>
			<string>PBXFrameworksBuildPhase</string>
			<key>runOnlyForDeploymentPostprocessing</key>
			<string>0</string>
		</dict>
		<key>2AA3824518FA7AB500523EC7</key>
		<dict>
			<key>buildActionMask</key>
			<string>2147483647</string>
			<key>files</key>
			<array>
				<string>2AA3826118FA7AB500523EC7</string>
				<string>2AA3826618FA7AB500523EC7</string>
				<string>2AA3825E18FA7AB500523EC7</string>
				<string>2AA3825518FA7AB500523EC7</string>
			</array>
			<key>isa</key>
			<string>PBXResourcesBuildPhase</string>
			<key>runOnlyForDeploymentPostprocessing</key>
			<string>0</string>
		</dict>
		<key>2AA3824618FA7AB500523EC7</key>
		<dict>
			<key>buildConfigurationList</key>
			<string>2AA3827C18FA7AB500523EC7</string>
			<key>buildPhases</key>
			<array>
				<string>180AC5050BC14D0C91CC0677</string>
				<string>2AA3824318FA7AB500523EC7</string>
				<string>2AA3824418FA7AB500523EC7</string>
				<string>2AA3824518FA7AB500523EC7</string>
				<string>0ED9032A329C43B0A4A30E68</string>
			</array>
			<key>buildRules</key>
			<array/>
			<key>dependencies</key>
			<array/>
			<key>isa</key>
			<string>PBXNativeTarget</string>
			<key>name</key>
			<string>DistributionDemo</string>
			<key>productName</key>
			<string>DistributionDemo</string>
			<key>productReference</key>
			<string>2AA3824718FA7AB500523EC7</string>
			<key>productType</key>
			<string>com.apple.product-type.application</string>
		</dict>
		<key>2AA3824718FA7AB500523EC7</key>
		<dict>
			<key>explicitFileType</key>
			<string>wrapper.application</string>
			<key>includeInIndex</key>
			<string>0</string>
			<key>isa</key>
			<string>PBXFileReference</string>
			<key>path</key>
			<string>DistributionDemo.app</string>
			<key>sourceTree</key>
			<string>BUILT_PRODUCTS_DIR</string>
		</dict>
		<key>2AA3824818FA7AB500523EC7</key>
		<dict>
			<key>children</key>
			<array>
				<string>2AA3824718FA7AB500523EC7</string>
				<string>2AA3826B18FA7AB500523EC7</string>
			</array>
			<key>isa</key>
			<string>PBXGroup</string>
			<key>name</key>
			<string>Products</string>
			<key>sourceTree</key>
			<string>&lt;group&gt;</string>
		</dict>
		<key>2AA3824918FA7AB500523EC7</key>
		<dict>
			<key>children</key>
			<array>
				<string>2AA3824A18FA7AB500523EC7</string>
				<string>2AA3824C18FA7AB500523EC7</string>
				<string>2AA3824E18FA7AB500523EC7</string>
				<string>2AA3826C18FA7AB500523EC7</string>
				<string>87889D4C03744A789F52AB8A</string>
			</array>
			<key>isa</key>
			<string>PBXGroup</string>
			<key>name</key>
			<string>Frameworks</string>
			<key>sourceTree</key>
			<string>&lt;group&gt;</string>
		</dict>
		<key>2AA3824A18FA7AB500523EC7</key>
		<dict>
			<key>isa</key>
			<string>PBXFileReference</string>
			<key>lastKnownFileType</key>
			<string>wrapper.framework</string>
			<key>name</key>
			<string>Foundation.framework</string>
			<key>path</key>
			<string>System/Library/Frameworks/Foundation.framework</string>
			<key>sourceTree</key>
			<string>SDKROOT</string>
		</dict>
		<key>2AA3824B18FA7AB500523EC7</key>
		<dict>
			<key>fileRef</key>
			<string>2AA3824A18FA7AB500523EC7</string>
			<key>isa</key>
			<string>PBXBuildFile</string>
		</dict>
		<key>2AA3824C18FA7AB500523EC7</key>
		<dict>
			<key>isa</key>
			<string>PBXFileReference</string>
			<key>lastKnownFileType</key>
			<string>wrapper.framework</string>
			<key>name</key>
			<string>CoreGraphics.framework</string>
			<key>path</key>
			<string>System/Library/Frameworks/CoreGraphics.framework</string>
			<key>sourceTree</key>
			<string>SDKROOT</string>
		</dict>
		<key>2AA3824D18FA7AB500523EC7</key>
		<dict>
			<key>fileRef</key>
			<string>2AA3824C18FA7AB500523EC7</string>
			<key>isa</key>
			<string>PBXBuildFile</string>
		</dict>
		<key>2AA3824E18FA7AB500523EC7</key>
		<dict>
			<key>isa</key>
			<string>PBXFileReference</string>
			<key>lastKnownFileType</key>
			<string>wrapper.framework</string>
			<key>name</key>
			<string>UIKit.framework</string>
			<key>path</key>
			<string>System/Library/Frameworks/UIKit.framework</string>
			<key>sourceTree</key>
			<string>SDKROOT</string>
		</dict>
		<key>2AA3824F18FA7AB500523EC7</key>
		<dict>
			<key>fileRef</key>
			<string>2AA3824E18FA7AB500523EC7</string>
			<key>isa</key>
			<string>PBXBuildFile</string>
		</dict>
		<key>2AA3825018FA7AB500523EC7</key>
		<dict>
			<key>children</key>
			<array>
				<string>2AA3825918FA7AB500523EC7</string>
				<string>2AA3825A18FA7AB500523EC7</string>
				<string>2AA3825C18FA7AB500523EC7</string>
				<string>2AA3825F18FA7AB500523EC7</string>
				<string>2AA3826218FA7AB500523EC7</string>
				<string>2AA3826318FA7AB500523EC7</string>
				<string>2AA3826518FA7AB500523EC7</string>
				<string>2AA3825118FA7AB500523EC7</string>
			</array>
			<key>isa</key>
			<string>PBXGroup</string>
			<key>path</key>
			<string>DistributionDemo</string>
			<key>sourceTree</key>
			<string>&lt;group&gt;</string>
		</dict>
		<key>2AA3825118FA7AB500523EC7</key>
		<dict>
			<key>children</key>
			<array>
				<string>2AA3825218FA7AB500523EC7</string>
				<string>2AA3825318FA7AB500523EC7</string>
				<string>2AA3825618FA7AB500523EC7</string>
				<string>2AA3825818FA7AB500523EC7</string>
			</array>
			<key>isa</key>
			<string>PBXGroup</string>
			<key>name</key>
			<string>Supporting Files</string>
			<key>sourceTree</key>
			<string>&lt;group&gt;</string>
		</dict>
		<key>2AA3825218FA7AB500523EC7</key>
		<dict>
			<key>isa</key>
			<string>PBXFileReference</string>
			<key>lastKnownFileType</key>
			<string>text.plist.xml</string>
			<key>path</key>
			<string>DistributionDemo-Info.plist</string>
			<key>sourceTree</key>
			<string>&lt;group&gt;</string>
		</dict>
		<key>2AA3825318FA7AB500523EC7</key>
		<dict>
			<key>children</key>
			<array>
				<string>2AA3825418FA7AB500523EC7</string>
			</array>
			<key>isa</key>
			<string>PBXVariantGroup</string>
			<key>name</key>
			<string>InfoPlist.strings</string>
			<key>sourceTree</key>
			<string>&lt;group&gt;</string>
		</dict>
		<key>2AA3825418FA7AB500523EC7</key>
		<dict>
			<key>isa</key>
			<string>PBXFileReference</string>
			<key>lastKnownFileType</key>
			<string>text.plist.strings</string>
			<key>name</key>
			<string>en</string>
			<key>path</key>
			<string>en.lproj/InfoPlist.strings</string>
			<key>sourceTree</key>
			<string>&lt;group&gt;</string>
		</dict>
		<key>2AA3825518FA7AB500523EC7</key>
		<dict>
			<key>fileRef</key>
			<string>2AA3825318FA7AB500523EC7</string>
			<key>isa</key>
			<string>PBXBuildFile</string>
		</dict>
		<key>2AA3825618FA7AB500523EC7</key>
		<dict>
			<key>isa</key>
			<string>PBXFileReference</string>
			<key>lastKnownFileType</key>
			<string>sourcecode.c.objc</string>
			<key>path</key>
			<string>main.m</string>
			<key>sourceTree</key>
			<string>&lt;group&gt;</string>
		</dict>
		<key>2AA3825718FA7AB500523EC7</key>
		<dict>
			<key>fileRef</key>
			<string>2AA3825618FA7AB500523EC7</string>
			<key>isa</key>
			<string>PBXBuildFile</string>
		</dict>
		<key>2AA3825818FA7AB500523EC7</key>
		<dict>
			<key>isa</key>
			<string>PBXFileReference</string>
			<key>lastKnownFileType</key>
			<string>sourcecode.c.h</string>
			<key>path</key>
			<string>DistributionDemo-Prefix.pch</string>
			<key>sourceTree</key>
			<string>&lt;group&gt;</string>
		</dict>
		<key>2AA3825918FA7AB500523EC7</key>
		<dict>
			<key>isa</key>
			<string>PBXFileReference</string>
			<key>lastKnownFileType</key>
			<string>sourcecode.c.h</string>
			<key>path</key>
			<string>AppDelegate.h</string>
			<key>sourceTree</key>
			<string>&lt;group&gt;</string>
		</dict>
		<key>2AA3825A18FA7AB500523EC7</key>
		<dict>
			<key>isa</key>
			<string>PBXFileReference</string>
			<key>lastKnownFileType</key>
			<string>sourcecode.c.objc</string>
			<key>path</key>
			<string>AppDelegate.m</string>
			<key>sourceTree</key>
			<string>&lt;group&gt;</string>
		</dict>
		<key>2AA3825B18FA7AB500523EC7</key>
		<dict>
			<key>fileRef</key>
			<string>2AA3825A18FA7AB500523EC7</string>
			<key>isa</key>
			<string>PBXBuildFile</string>
		</dict>
		<key>2AA3825C18FA7AB500523EC7</key>
		<dict>
			<key>children</key>
			<array>
				<string>2AA3825D18FA7AB500523EC7</string>
			</array>
			<key>isa</key>
			<string>PBXVariantGroup</string>
			<key>name</key>
			<string>Main_iPhone.storyboard</string>
			<key>sourceTree</key>
			<string>&lt;group&gt;</string>
		</dict>
		<key>2AA3825D18FA7AB500523EC7</key>
		<dict>
			<key>isa</key>
			<string>PBXFileReference</string>
			<key>lastKnownFileType</key>
			<string>file.storyboard</string>
			<key>name</key>
			<string>Base</string>
			<key>path</key>
			<string>Base.lproj/Main_iPhone.storyboard</string>
			<key>sourceTree</key>
			<string>&lt;group&gt;</string>
		</dict>
		<key>2AA3825E18FA7AB500523EC7</key>
		<dict>
			<key>fileRef</key>
			<string>2AA3825C18FA7AB500523EC7</string>
			<key>isa</key>
			<string>PBXBuildFile</string>
		</dict>
		<key>2AA3825F18FA7AB500523EC7</key>
		<dict>
			<key>children</key>
			<array>
				<string>2AA3826018FA7AB500523EC7</string>
			</array>
			<key>isa</key>
			<string>PBXVariantGroup</string>
			<key>name</key>
			<string>Main_iPad.storyboard</string>
			<key>sourceTree</key>
			<string>&lt;group&gt;</string>
		</dict>
		<key>2AA3826018FA7AB500523EC7</key>
		<dict>
			<key>isa</key>
			<string>PBXFileReference</string>
			<key>lastKnownFileType</key>
			<string>file.storyboard</string>
			<key>name</key>
			<string>Base</string>
			<key>path</key>
			<string>Base.lproj/Main_iPad.storyboard</string>
			<key>sourceTree</key>
			<string>&lt;group&gt;</string>
		</dict>
		<key>2AA3826118FA7AB500523EC7</key>
		<dict>
			<key>fileRef</key>
			<string>2AA3825F18FA7AB500523EC7</string>
			<key>isa</key>
			<string>PBXBuildFile</string>
		</dict>
		<key>2AA3826218FA7AB500523EC7</key>
		<dict>
			<key>isa</key>
			<string>PBXFileReference</string>
			<key>lastKnownFileType</key>
			<string>sourcecode.c.h</string>
			<key>path</key>
			<string>ViewController.h</string>
			<key>sourceTree</key>
			<string>&lt;group&gt;</string>
		</dict>
		<key>2AA3826318FA7AB500523EC7</key>
		<dict>
			<key>isa</key>
			<string>PBXFileReference</string>
			<key>lastKnownFileType</key>
			<string>sourcecode.c.objc</string>
			<key>path</key>
			<string>ViewController.m</string>
			<key>sourceTree</key>
			<string>&lt;group&gt;</string>
		</dict>
		<key>2AA3826418FA7AB500523EC7</key>
		<dict>
			<key>fileRef</key>
			<string>2AA3826318FA7AB500523EC7</string>
			<key>isa</key>
			<string>PBXBuildFile</string>
		</dict>
		<key>2AA3826518FA7AB500523EC7</key>
		<dict>
			<key>isa</key>
			<string>PBXFileReference</string>
			<key>lastKnownFileType</key>
			<string>folder.assetcatalog</string>
			<key>path</key>
			<string>Images.xcassets</string>
			<key>sourceTree</key>
			<string>&lt;group&gt;</string>
		</dict>
		<key>2AA3826618FA7AB500523EC7</key>
		<dict>
			<key>fileRef</key>
			<string>2AA3826518FA7AB500523EC7</string>
			<key>isa</key>
			<string>PBXBuildFile</string>
		</dict>
		<key>2AA3826718FA7AB500523EC7</key>
		<dict>
			<key>buildActionMask</key>
			<string>2147483647</string>
			<key>files</key>
			<array>
				<string>2AA3827918FA7AB500523EC7</string>
			</array>
			<key>isa</key>
			<string>PBXSourcesBuildPhase</string>
			<key>runOnlyForDeploymentPostprocessing</key>
			<string>0</string>
		</dict>
		<key>2AA3826818FA7AB500523EC7</key>
		<dict>
			<key>buildActionMask</key>
			<string>2147483647</string>
			<key>files</key>
			<array>
				<string>2AA3826D18FA7AB500523EC7</string>
				<string>2AA3826F18FA7AB500523EC7</string>
				<string>2AA3826E18FA7AB500523EC7</string>
			</array>
			<key>isa</key>
			<string>PBXFrameworksBuildPhase</string>
			<key>runOnlyForDeploymentPostprocessing</key>
			<string>0</string>
		</dict>
		<key>2AA3826918FA7AB500523EC7</key>
		<dict>
			<key>buildActionMask</key>
			<string>2147483647</string>
			<key>files</key>
			<array>
				<string>2AA3827718FA7AB500523EC7</string>
			</array>
			<key>isa</key>
			<string>PBXResourcesBuildPhase</string>
			<key>runOnlyForDeploymentPostprocessing</key>
			<string>0</string>
		</dict>
		<key>2AA3826A18FA7AB500523EC7</key>
		<dict>
			<key>buildConfigurationList</key>
			<string>2AA3827F18FA7AB500523EC7</string>
			<key>buildPhases</key>
			<array>
				<string>2AA3826718FA7AB500523EC7</string>
				<string>2AA3826818FA7AB500523EC7</string>
				<string>2AA3826918FA7AB500523EC7</string>
			</array>
			<key>buildRules</key>
			<array/>
			<key>dependencies</key>
			<array>
				<string>2AA3827118FA7AB500523EC7</string>
			</array>
			<key>isa</key>
			<string>PBXNativeTarget</string>
			<key>name</key>
			<string>DistributionDemoTests</string>
			<key>productName</key>
			<string>DistributionDemoTests</string>
			<key>productReference</key>
			<string>2AA3826B18FA7AB500523EC7</string>
			<key>productType</key>
			<string>com.apple.product-type.bundle.unit-test</string>
		</dict>
		<key>2AA3826B18FA7AB500523EC7</key>
		<dict>
			<key>explicitFileType</key>
			<string>wrapper.cfbundle</string>
			<key>includeInIndex</key>
			<string>0</string>
			<key>isa</key>
			<string>PBXFileReference</string>
			<key>path</key>
			<string>DistributionDemoTests.xctest</string>
			<key>sourceTree</key>
			<string>BUILT_PRODUCTS_DIR</string>
		</dict>
		<key>2AA3826C18FA7AB500523EC7</key>
		<dict>
			<key>isa</key>
			<string>PBXFileReference</string>
			<key>lastKnownFileType</key>
			<string>wrapper.framework</string>
			<key>name</key>
			<string>XCTest.framework</string>
			<key>path</key>
			<string>Library/Frameworks/XCTest.framework</string>
			<key>sourceTree</key>
			<string>DEVELOPER_DIR</string>
		</dict>
		<key>2AA3826D18FA7AB500523EC7</key>
		<dict>
			<key>fileRef</key>
			<string>2AA3826C18FA7AB500523EC7</string>
			<key>isa</key>
			<string>PBXBuildFile</string>
		</dict>
		<key>2AA3826E18FA7AB500523EC7</key>
		<dict>
			<key>fileRef</key>
			<string>2AA3824A18FA7AB500523EC7</string>
			<key>isa</key>
			<string>PBXBuildFile</string>
		</dict>
		<key>2AA3826F18FA7AB500523EC7</key>
		<dict>
			<key>fileRef</key>
			<string>2AA3824E18FA7AB500523EC7</string>
			<key>isa</key>
			<string>PBXBuildFile</string>
		</dict>
		<key>2AA3827018FA7AB500523EC7</key>
		<dict>
			<key>containerPortal</key>
			<string>2AA3823F18FA7AB500523EC7</string>
			<key>isa</key>
			<string>PBXContainerItemProxy</string>
			<key>proxyType</key>
			<string>1</string>
			<key>remoteGlobalIDString</key>
			<string>2AA3824618FA7AB500523EC7</string>
			<key>remoteInfo</key>
			<string>DistributionDemo</string>
		</dict>
		<key>2AA3827118FA7AB500523EC7</key>
		<dict>
			<key>isa</key>
			<string>PBXTargetDependency</string>
			<key>target</key>
			<string>2AA3824618FA7AB500523EC7</string>
			<key>targetProxy</key>
			<string>2AA3827018FA7AB500523EC7</string>
		</dict>
		<key>2AA3827218FA7AB500523EC7</key>
		<dict>
			<key>children</key>
			<array>
				<string>2AA3827818FA7AB500523EC7</string>
				<string>2AA3827318FA7AB500523EC7</string>
			</array>
			<key>isa</key>
			<string>PBXGroup</string>
			<key>path</key>
			<string>DistributionDemoTests</string>
			<key>sourceTree</key>
			<string>&lt;group&gt;</string>
		</dict>
		<key>2AA3827318FA7AB500523EC7</key>
		<dict>
			<key>children</key>
			<array>
				<string>2AA3827418FA7AB500523EC7</string>
				<string>2AA3827518FA7AB500523EC7</string>
			</array>
			<key>isa</key>
			<string>PBXGroup</string>
			<key>name</key>
			<string>Supporting Files</string>
			<key>sourceTree</key>
			<string>&lt;group&gt;</string>
		</dict>
		<key>2AA3827418FA7AB500523EC7</key>
		<dict>
			<key>isa</key>
			<string>PBXFileReference</string>
			<key>lastKnownFileType</key>
			<string>text.plist.xml</string>
			<key>path</key>
			<string>DistributionDemoTests-Info.plist</string>
			<key>sourceTree</key>
			<string>&lt;group&gt;</string>
		</dict>
		<key>2AA3827518FA7AB500523EC7</key>
		<dict>
			<key>children</key>
			<array>
				<string>2AA3827618FA7AB500523EC7</string>
			</array>
			<key>isa</key>
			<string>PBXVariantGroup</string>
			<key>name</key>
			<string>InfoPlist.strings</string>
			<key>sourceTree</key>
			<string>&lt;group&gt;</string>
		</dict>
		<key>2AA3827618FA7AB500523EC7</key>
		<dict>
			<key>isa</key>
			<string>PBXFileReference</string>
			<key>lastKnownFileType</key>
			<string>text.plist.strings</string>
			<key>name</key>
			<string>en</string>
			<key>path</key>
			<string>en.lproj/InfoPlist.strings</string>
			<key>sourceTree</key>
			<string>&lt;group&gt;</string>
		</dict>
		<key>2AA3827718FA7AB500523EC7</key>
		<dict>
			<key>fileRef</key>
			<string>2AA3827518FA7AB500523EC7</string>
			<key>isa</key>
			<string>PBXBuildFile</string>
		</dict>
		<key>2AA3827818FA7AB500523EC7</key>
		<dict>
			<key>isa</key>
			<string>PBXFileReference</string>
			<key>lastKnownFileType</key>
			<string>sourcecode.c.objc</string>
			<key>path</key>
			<string>DistributionDemoTests.m</string>
			<key>sourceTree</key>
			<string>&lt;group&gt;</string>
		</dict>
		<key>2AA3827918FA7AB500523EC7</key>
		<dict>
			<key>fileRef</key>
			<string>2AA3827818FA7AB500523EC7</string>
			<key>isa</key>
			<string>PBXBuildFile</string>
		</dict>
		<key>2AA3827A18FA7AB500523EC7</key>
		<dict>
			<key>buildSettings</key>
			<dict>
				<key>ALWAYS_SEARCH_USER_PATHS</key>
				<string>NO</string>
				<key>ARCHS</key>
				<string>$(ARCHS_STANDARD_INCLUDING_64_BIT)</string>
				<key>CLANG_CXX_LANGUAGE_STANDARD</key>
				<string>gnu++0x</string>
				<key>CLANG_CXX_LIBRARY</key>
				<string>libc++</string>
				<key>CLANG_ENABLE_MODULES</key>
				<string>YES</string>
				<key>CLANG_ENABLE_OBJC_ARC</key>
				<string>YES</string>
				<key>CLANG_WARN_BOOL_CONVERSION</key>
				<string>YES</string>
				<key>CLANG_WARN_CONSTANT_CONVERSION</key>
				<string>YES</string>
				<key>CLANG_WARN_DIRECT_OBJC_ISA_USAGE</key>
				<string>YES_ERROR</string>
				<key>CLANG_WARN_EMPTY_BODY</key>
				<string>YES</string>
				<key>CLANG_WARN_ENUM_CONVERSION</key>
				<string>YES</string>
				<key>CLANG_WARN_INT_CONVERSION</key>
				<string>YES</string>
				<key>CLANG_WARN_OBJC_ROOT_CLASS</key>
				<string>YES_ERROR</string>
				<key>CLANG_WARN__DUPLICATE_METHOD_MATCH</key>
				<string>YES</string>
				<key>CODE_SIGN_IDENTITY[sdk=iphoneos*]</key>
				<string>iPhone Developer</string>
				<key>COPY_PHASE_STRIP</key>
				<string>NO</string>
				<key>GCC_C_LANGUAGE_STANDARD</key>
				<string>gnu99</string>
				<key>GCC_DYNAMIC_NO_PIC</key>
				<string>NO</string>
				<key>GCC_OPTIMIZATION_LEVEL</key>
				<string>0</string>
				<key>GCC_PREPROCESSOR_DEFINITIONS</key>
				<array>
					<string>DEBUG=1</string>
					<string>$(inherited)</string>
				</array>
				<key>GCC_SYMBOLS_PRIVATE_EXTERN</key>
				<string>NO</string>
				<key>GCC_WARN_64_TO_32_BIT_CONVERSION</key>
				<string>YES</string>
				<key>GCC_WARN_ABOUT_RETURN_TYPE</key>
				<string>YES_ERROR</string>
				<key>GCC_WARN_UNDECLARED_SELECTOR</key>
				<string>YES</string>
				<key>GCC_WARN_UNINITIALIZED_AUTOS</key>
				<string>YES</string>
				<key>GCC_WARN_UNUSED_FUNCTION</key>
				<string>YES</string>
				<key>GCC_WARN_UNUSED_VARIABLE</key>
				<string>YES</string>
				<key>IPHONEOS_DEPLOYMENT_TARGET</key>
				<string>7.0</string>
				<key>ONLY_ACTIVE_ARCH</key>
				<string>YES</string>
				<key>SDKROOT</key>
				<string>iphoneos</string>
				<key>TARGETED_DEVICE_FAMILY</key>
				<string>1,2</string>
			</dict>
			<key>isa</key>
			<string>XCBuildConfiguration</string>
			<key>name</key>
			<string>Debug</string>
		</dict>
		<key>2AA3827B18FA7AB500523EC7</key>
		<dict>
			<key>buildSettings</key>
			<dict>
				<key>ALWAYS_SEARCH_USER_PATHS</key>
				<string>NO</string>
				<key>ARCHS</key>
				<string>$(ARCHS_STANDARD_INCLUDING_64_BIT)</string>
				<key>CLANG_CXX_LANGUAGE_STANDARD</key>
				<string>gnu++0x</string>
				<key>CLANG_CXX_LIBRARY</key>
				<string>libc++</string>
				<key>CLANG_ENABLE_MODULES</key>
				<string>YES</string>
				<key>CLANG_ENABLE_OBJC_ARC</key>
				<string>YES</string>
				<key>CLANG_WARN_BOOL_CONVERSION</key>
				<string>YES</string>
				<key>CLANG_WARN_CONSTANT_CONVERSION</key>
				<string>YES</string>
				<key>CLANG_WARN_DIRECT_OBJC_ISA_USAGE</key>
				<string>YES_ERROR</string>
				<key>CLANG_WARN_EMPTY_BODY</key>
				<string>YES</string>
				<key>CLANG_WARN_ENUM_CONVERSION</key>
				<string>YES</string>
				<key>CLANG_WARN_INT_CONVERSION</key>
				<string>YES</string>
				<key>CLANG_WARN_OBJC_ROOT_CLASS</key>
				<string>YES_ERROR</string>
				<key>CLANG_WARN__DUPLICATE_METHOD_MATCH</key>
				<string>YES</string>
				<key>CODE_SIGN_IDENTITY[sdk=iphoneos*]</key>
				<string>iPhone Developer</string>
				<key>COPY_PHASE_STRIP</key>
				<string>YES</string>
				<key>ENABLE_NS_ASSERTIONS</key>
				<string>NO</string>
				<key>GCC_C_LANGUAGE_STANDARD</key>
				<string>gnu99</string>
				<key>GCC_WARN_64_TO_32_BIT_CONVERSION</key>
				<string>YES</string>
				<key>GCC_WARN_ABOUT_RETURN_TYPE</key>
				<string>YES_ERROR</string>
				<key>GCC_WARN_UNDECLARED_SELECTOR</key>
				<string>YES</string>
				<key>GCC_WARN_UNINITIALIZED_AUTOS</key>
				<string>YES</string>
				<key>GCC_WARN_UNUSED_FUNCTION</key>
				<string>YES</string>
				<key>GCC_WARN_UNUSED_VARIABLE</key>
				<string>YES</string>
				<key>IPHONEOS_DEPLOYMENT_TARGET</key>
				<string>7.0</string>
				<key>SDKROOT</key>
				<string>iphoneos</string>
				<key>TARGETED_DEVICE_FAMILY</key>
				<string>1,2</string>
				<key>VALIDATE_PRODUCT</key>
				<string>YES</string>
			</dict>
			<key>isa</key>
			<string>XCBuildConfiguration</string>
			<key>name</key>
			<string>Release</string>
		</dict>
		<key>2AA3827C18FA7AB500523EC7</key>
		<dict>
			<key>buildConfigurations</key>
			<array>
				<string>2AA3827D18FA7AB500523EC7</string>
				<string>2AA3827E18FA7AB500523EC7</string>
			</array>
			<key>defaultConfigurationIsVisible</key>
			<string>0</string>
			<key>isa</key>
			<string>XCConfigurationList</string>
		</dict>
		<key>2AA3827D18FA7AB500523EC7</key>
		<dict>
			<key>baseConfigurationReference</key>
			<string>C7313C11C3984732B2B59B37</string>
			<key>buildSettings</key>
			<dict>
				<key>ASSETCATALOG_COMPILER_APPICON_NAME</key>
				<string>AppIcon</string>
				<key>ASSETCATALOG_COMPILER_LAUNCHIMAGE_NAME</key>
				<string>LaunchImage</string>
				<key>GCC_PRECOMPILE_PREFIX_HEADER</key>
				<string>YES</string>
				<key>GCC_PREFIX_HEADER</key>
				<string>DistributionDemo/DistributionDemo-Prefix.pch</string>
				<key>INFOPLIST_FILE</key>
				<string>DistributionDemo/DistributionDemo-Info.plist</string>
				<key>PRODUCT_NAME</key>
				<string>$(TARGET_NAME)</string>
				<key>WRAPPER_EXTENSION</key>
				<string>app</string>
			</dict>
			<key>isa</key>
			<string>XCBuildConfiguration</string>
			<key>name</key>
			<string>Debug</string>
		</dict>
		<key>2AA3827E18FA7AB500523EC7</key>
		<dict>
			<key>baseConfigurationReference</key>
			<string>C7313C11C3984732B2B59B37</string>
			<key>buildSettings</key>
			<dict>
				<key>ASSETCATALOG_COMPILER_APPICON_NAME</key>
				<string>AppIcon</string>
				<key>ASSETCATALOG_COMPILER_LAUNCHIMAGE_NAME</key>
				<string>LaunchImage</string>
				<key>GCC_PRECOMPILE_PREFIX_HEADER</key>
				<string>YES</string>
				<key>GCC_PREFIX_HEADER</key>
				<string>DistributionDemo/DistributionDemo-Prefix.pch</string>
				<key>INFOPLIST_FILE</key>
				<string>DistributionDemo/DistributionDemo-Info.plist</string>
				<key>PRODUCT_NAME</key>
				<string>$(TARGET_NAME)</string>
				<key>WRAPPER_EXTENSION</key>
				<string>app</string>
			</dict>
			<key>isa</key>
			<string>XCBuildConfiguration</string>
			<key>name</key>
			<string>Release</string>
		</dict>
		<key>2AA3827F18FA7AB500523EC7</key>
		<dict>
			<key>buildConfigurations</key>
			<array>
				<string>2AA3828018FA7AB500523EC7</string>
				<string>2AA3828118FA7AB500523EC7</string>
			</array>
			<key>defaultConfigurationIsVisible</key>
			<string>0</string>
			<key>isa</key>
			<string>XCConfigurationList</string>
		</dict>
		<key>2AA3828018FA7AB500523EC7</key>
		<dict>
			<key>buildSettings</key>
			<dict>
				<key>ARCHS</key>
				<string>$(ARCHS_STANDARD_INCLUDING_64_BIT)</string>
				<key>BUNDLE_LOADER</key>
				<string>$(BUILT_PRODUCTS_DIR)/DistributionDemo.app/DistributionDemo</string>
				<key>FRAMEWORK_SEARCH_PATHS</key>
				<array>
					<string>$(SDKROOT)/Developer/Library/Frameworks</string>
					<string>$(inherited)</string>
					<string>$(DEVELOPER_FRAMEWORKS_DIR)</string>
				</array>
				<key>GCC_PRECOMPILE_PREFIX_HEADER</key>
				<string>YES</string>
				<key>GCC_PREFIX_HEADER</key>
				<string>DistributionDemo/DistributionDemo-Prefix.pch</string>
				<key>GCC_PREPROCESSOR_DEFINITIONS</key>
				<array>
					<string>DEBUG=1</string>
					<string>$(inherited)</string>
				</array>
				<key>INFOPLIST_FILE</key>
				<string>DistributionDemoTests/DistributionDemoTests-Info.plist</string>
				<key>PRODUCT_NAME</key>
				<string>$(TARGET_NAME)</string>
				<key>TEST_HOST</key>
				<string>$(BUNDLE_LOADER)</string>
				<key>WRAPPER_EXTENSION</key>
				<string>xctest</string>
			</dict>
			<key>isa</key>
			<string>XCBuildConfiguration</string>
			<key>name</key>
			<string>Debug</string>
		</dict>
		<key>2AA3828118FA7AB500523EC7</key>
		<dict>
			<key>buildSettings</key>
			<dict>
				<key>ARCHS</key>
				<string>$(ARCHS_STANDARD_INCLUDING_64_BIT)</string>
				<key>BUNDLE_LOADER</key>
				<string>$(BUILT_PRODUCTS_DIR)/DistributionDemo.app/DistributionDemo</string>
				<key>FRAMEWORK_SEARCH_PATHS</key>
				<array>
					<string>$(SDKROOT)/Developer/Library/Frameworks</string>
					<string>$(inherited)</string>
					<string>$(DEVELOPER_FRAMEWORKS_DIR)</string>
				</array>
				<key>GCC_PRECOMPILE_PREFIX_HEADER</key>
				<string>YES</string>
				<key>GCC_PREFIX_HEADER</key>
				<string>DistributionDemo/DistributionDemo-Prefix.pch</string>
				<key>INFOPLIST_FILE</key>
				<string>DistributionDemoTests/DistributionDemoTests-Info.plist</string>
				<key>PRODUCT_NAME</key>
				<string>$(TARGET_NAME)</string>
				<key>TEST_HOST</key>
				<string>$(BUNDLE_LOADER)</string>
				<key>WRAPPER_EXTENSION</key>
				<string>xctest</string>
			</dict>
			<key>isa</key>
			<string>XCBuildConfiguration</string>
			<key>name</key>
			<string>Release</string>
		</dict>
		<key>87889D4C03744A789F52AB8A</key>
		<dict>
			<key>explicitFileType</key>
			<string>archive.ar</string>
			<key>includeInIndex</key>
			<string>0</string>
			<key>isa</key>
			<string>PBXFileReference</string>
			<key>path</key>
			<string>libPods.a</string>
			<key>sourceTree</key>
			<string>BUILT_PRODUCTS_DIR</string>
		</dict>
		<key>93FD1C921E9E489FA639A27F</key>
		<dict>
			<key>fileRef</key>
			<string>87889D4C03744A789F52AB8A</string>
			<key>isa</key>
			<string>PBXBuildFile</string>
		</dict>
		<key>C7313C11C3984732B2B59B37</key>
		<dict>
			<key>includeInIndex</key>
			<string>1</string>
			<key>isa</key>
			<string>PBXFileReference</string>
			<key>lastKnownFileType</key>
			<string>text.xcconfig</string>
			<key>name</key>
			<string>Pods.xcconfig</string>
			<key>path</key>
			<string>Pods/Pods.xcconfig</string>
			<key>sourceTree</key>
			<string>&lt;group&gt;</string>
		</dict>
	</dict>
	<key>rootObject</key>
	<string>2AA3823F18FA7AB500523EC7</string>
</dict>
</plist>
